
Microsoft Visual Studio Solution File, Format Version 12.00
# Visual Studio Version 17
VisualStudioVersion = 17.10.35122.118
MinimumVisualStudioVersion = 10.0.40219.1
Project("{9A19103F-16F7-4668-BE54-9A1E7A4F7556}") = "DemoBookStore", "DemoBookStore\DemoBookStore.csproj", "{067278B8-E815-436C-AE9D-32CBA207427A}"
EndProject
Global
	GlobalSection(SolutionConfigurationPlatforms) = preSolution
		Debug|Any CPU = Debug|Any CPU
		Release|Any CPU = Release|Any CPU
	EndGlobalSection
	GlobalSection(ProjectConfigurationPlatforms) = postSolution
		{067278B8-E815-436C-AE9D-32CBA207427A}.Debug|Any CPU.ActiveCfg = Debug|Any CPU
		{067278B8-E815-436C-AE9D-32CBA207427A}.Debug|Any CPU.Build.0 = Debug|Any CPU
		{067278B8-E815-436C-AE9D-32CBA207427A}.Release|Any CPU.ActiveCfg = Release|Any CPU
		{067278B8-E815-436C-AE9D-32CBA207427A}.Release|Any CPU.Build.0 = Release|Any CPU
	EndGlobalSection
	GlobalSection(SolutionProperties) = preSolution
		HideSolutionNode = FALSE
	EndGlobalSection
	GlobalSection(ExtensibilityGlobals) = postSolution
		SolutionGuid = {889DF643-25AA-42F3-99F8-DB018E71FB47}
	EndGlobalSection
EndGlobal
